
Microsoft Visual Studio Solution File, Format Version 12.00
# Visual Studio 15
VisualStudioVersion = 15.0.33026.149
MinimumVisualStudioVersion = 10.0.40219.1
Project("{FAE04EC0-301F-11D3-BF4B-00C04F79EFBC}") = "Animal", "Animal\Animal.csproj", "{4A5F2B01-38A6-470C-B741-1D07D0CF3A4D}"
EndProject
Project("{FAE04EC0-301F-11D3-BF4B-00C04F79EFBC}") = "Conta", "Conta\Conta.csproj", "{70E381FF-9E7F-453A-9D75-E21C3581C27F}"
EndProject
Global
	GlobalSection(SolutionConfigurationPlatforms) = preSolution
		Debug|Any CPU = Debug|Any CPU
		Release|Any CPU = Release|Any CPU
	EndGlobalSection
	GlobalSection(ProjectConfigurationPlatforms) = postSolution
		{4A5F2B01-38A6-470C-B741-1D07D0CF3A4D}.Debug|Any CPU.ActiveCfg = Debug|Any CPU
		{4A5F2B01-38A6-470C-B741-1D07D0CF3A4D}.Debug|Any CPU.Build.0 = Debug|Any CPU
		{4A5F2B01-38A6-470C-B741-1D07D0CF3A4D}.Release|Any CPU.ActiveCfg = Release|Any CPU
		{4A5F2B01-38A6-470C-B741-1D07D0CF3A4D}.Release|Any CPU.Build.0 = Release|Any CPU
		{70E381FF-9E7F-453A-9D75-E21C3581C27F}.Debug|Any CPU.ActiveCfg = Debug|Any CPU
		{70E381FF-9E7F-453A-9D75-E21C3581C27F}.Debug|Any CPU.Build.0 = Debug|Any CPU
		{70E381FF-9E7F-453A-9D75-E21C3581C27F}.Release|Any CPU.ActiveCfg = Release|Any CPU
		{70E381FF-9E7F-453A-9D75-E21C3581C27F}.Release|Any CPU.Build.0 = Release|Any CPU
	EndGlobalSection
	GlobalSection(SolutionProperties) = preSolution
		HideSolutionNode = FALSE
	EndGlobalSection
	GlobalSection(ExtensibilityGlobals) = postSolution
		SolutionGuid = {3778398F-B49C-4D71-B5DB-BB145B71E1A2}
	EndGlobalSection
EndGlobal
